# THIS IS AN AUTOGENERATED FILE. DO NOT EDIT THIS FILE DIRECTLY.
# yarn lockfile v1


"@playwright/test@^1.26.0":
  version "1.26.0"
  resolved "https://registry.yarnpkg.com/@playwright/test/-/test-1.26.0.tgz#d0c4a7ffaa7df5b4a63e0d8dea133fdb1d6c5aef"
  integrity sha512-D24pu1k/gQw3Lhbpc38G5bXlBjGDrH5A52MsrH12wz6ohGDeQ+aZg/JFSEsT/B3G8zlJe/EU4EkJK74hpqsjEg==
  dependencies:
    "@types/node" "*"
    playwright-core "1.26.0"

"@types/node@*":
  version "16.10.1"
  resolved "https://registry.yarnpkg.com/@types/node/-/node-16.10.1.tgz#f3647623199ca920960006b3dccf633ea905f243"
  integrity sha512-4/Z9DMPKFexZj/Gn3LylFgamNKHm4K3QDi0gz9B26Uk0c8izYf97B5fxfpspMNkWlFupblKM/nV8+NA9Ffvr+w==

dotenv@^16.0.3:
  version "16.0.3"
  resolved "https://registry.yarnpkg.com/dotenv/-/dotenv-16.0.3.tgz#115aec42bac5053db3c456db30cc243a5a836a07"
  integrity sha512-7GO6HghkA5fYG9TYnNxi14/7K9f5occMlp3zXAuSxn7CKCxt9xbNWG7yF8hTCSUchlfWSe3uLmlPfigevRItzQ==

playwright-core@1.26.0:
  version "1.26.0"
  resolved "https://registry.yarnpkg.com/playwright-core/-/playwright-core-1.26.0.tgz#850228f0638d410a5cdd69800d552f60e4d295cd"
  integrity sha512-p8huU8eU4gD3VkJd3DA1nA7R3XA6rFvFL+1RYS96cSljCF2yJE9CWEHTPF4LqX8KN9MoWCrAfVKP5381X3CZqg==

playwright@^1.26.0:
  version "1.26.0"
  resolved "https://registry.yarnpkg.com/playwright/-/playwright-1.26.0.tgz#b351990ff03a7e422bf585233eb53651fc363896"
  integrity sha512-XxTVlvFEYHdatxUkh1KiPq9BclNtFKMi3BgQnl/aactmhN4G9AkZUXwt0ck6NDAOrDFlfibhbM7A1kZwQJKSBw==
  dependencies:
    playwright-core "1.26.0"
